
Microsoft Visual Studio Solution File, Format Version 12.00
# Visual Studio Version 16
VisualStudioVersion = 16.0.29306.81
MinimumVisualStudioVersion = 10.0.40219.1
Project("{FAE04EC0-301F-11D3-BF4B-00C04F79EFBC}") = "WpfMailSender", "WpfMailSender\WpfMailSender.csproj", "{95BB35BB-3848-4C35-827D-B16E5F0DA9BF}"
EndProject
Project("{9A19103F-16F7-4668-BE54-9A1E7A4F7556}") = "MailSender", "..\MailSender\MailSender\MailSender.csproj", "{0DA7461C-6262-4DB0-8986-CDB112866FBB}"
EndProject
Global
	GlobalSection(SolutionConfigurationPlatforms) = preSolution
		Debug|Any CPU = Debug|Any CPU
		Release|Any CPU = Release|Any CPU
	EndGlobalSection
	GlobalSection(ProjectConfigurationPlatforms) = postSolution
		{95BB35BB-3848-4C35-827D-B16E5F0DA9BF}.Debug|Any CPU.ActiveCfg = Debug|Any CPU
		{95BB35BB-3848-4C35-827D-B16E5F0DA9BF}.Debug|Any CPU.Build.0 = Debug|Any CPU
		{95BB35BB-3848-4C35-827D-B16E5F0DA9BF}.Release|Any CPU.ActiveCfg = Release|Any CPU
		{95BB35BB-3848-4C35-827D-B16E5F0DA9BF}.Release|Any CPU.Build.0 = Release|Any CPU
		{0DA7461C-6262-4DB0-8986-CDB112866FBB}.Debug|Any CPU.ActiveCfg = Debug|Any CPU
		{0DA7461C-6262-4DB0-8986-CDB112866FBB}.Debug|Any CPU.Build.0 = Debug|Any CPU
		{0DA7461C-6262-4DB0-8986-CDB112866FBB}.Release|Any CPU.ActiveCfg = Release|Any CPU
		{0DA7461C-6262-4DB0-8986-CDB112866FBB}.Release|Any CPU.Build.0 = Release|Any CPU
	EndGlobalSection
	GlobalSection(SolutionProperties) = preSolution
		HideSolutionNode = FALSE
	EndGlobalSection
	GlobalSection(ExtensibilityGlobals) = postSolution
		SolutionGuid = {D5C30B79-77C0-48B0-81C3-6C586EC7661F}
	EndGlobalSection
EndGlobal
